// !$*UTF8*$!
{
	archiveVersion = 1;
	classes = {
	};
	objectVersion = 46;
	objects = {

/* Begin PBXBuildFile section */
		9A1782B71E637DDD0083CA58 /* ScheduleItemViewController.swift in Sources */ = {isa = PBXBuildFile; fileRef = 9A1782B61E637DDD0083CA58 /* ScheduleItemViewController.swift */; };
		9A1782B91E643A7C0083CA58 /* AboutViewController.swift in Sources */ = {isa = PBXBuildFile; fileRef = 9A1782B81E643A7C0083CA58 /* AboutViewController.swift */; };
		9AE2F05E1E4FC891003A8A10 /* CellType.swift in Sources */ = {isa = PBXBuildFile; fileRef = 9AE2F05D1E4FC891003A8A10 /* CellType.swift */; };
		9AE2F0601E579EBE003A8A10 /* LocationViewController.swift in Sources */ = {isa = PBXBuildFile; fileRef = 9AE2F05F1E579EBE003A8A10 /* LocationViewController.swift */; };
		9AE2F0621E57A97C003A8A10 /* UINavigationController+Extensions.swift in Sources */ = {isa = PBXBuildFile; fileRef = 9AE2F0611E57A97C003A8A10 /* UINavigationController+Extensions.swift */; };
		9AE2F0641E5B79D2003A8A10 /* ScheduleViewController.swift in Sources */ = {isa = PBXBuildFile; fileRef = 9AE2F0631E5B79D2003A8A10 /* ScheduleViewController.swift */; };
		9AE2F0661E5B86D2003A8A10 /* ScheduleCell.swift in Sources */ = {isa = PBXBuildFile; fileRef = 9AE2F0651E5B86D2003A8A10 /* ScheduleCell.swift */; };
		9AE2F0681E5B8CB8003A8A10 /* schedule.plist in Resources */ = {isa = PBXBuildFile; fileRef = 9AE2F0671E5B8CB8003A8A10 /* schedule.plist */; };
		9AE2F06B1E5B9518003A8A10 /* Schedule.swift in Sources */ = {isa = PBXBuildFile; fileRef = 9AE2F06A1E5B9518003A8A10 /* Schedule.swift */; };
		9AF447CB1E4F531A00A445E4 /* AppDelegate.swift in Sources */ = {isa = PBXBuildFile; fileRef = 9AF447CA1E4F531A00A445E4 /* AppDelegate.swift */; };
		9AF447CD1E4F531A00A445E4 /* HomeViewController.swift in Sources */ = {isa = PBXBuildFile; fileRef = 9AF447CC1E4F531A00A445E4 /* HomeViewController.swift */; };
		9AF447D01E4F531A00A445E4 /* Main.storyboard in Resources */ = {isa = PBXBuildFile; fileRef = 9AF447CE1E4F531A00A445E4 /* Main.storyboard */; };
		9AF447D21E4F531A00A445E4 /* Assets.xcassets in Resources */ = {isa = PBXBuildFile; fileRef = 9AF447D11E4F531A00A445E4 /* Assets.xcassets */; };
		9AF447D51E4F531A00A445E4 /* LaunchScreen.storyboard in Resources */ = {isa = PBXBuildFile; fileRef = 9AF447D31E4F531A00A445E4 /* LaunchScreen.storyboard */; };
		9AF447E01E4F531A00A445E4 /* EventOMatTests.swift in Sources */ = {isa = PBXBuildFile; fileRef = 9AF447DF1E4F531A00A445E4 /* EventOMatTests.swift */; };
		9AF447EB1E4F531B00A445E4 /* EventOMatUITests.swift in Sources */ = {isa = PBXBuildFile; fileRef = 9AF447EA1E4F531B00A445E4 /* EventOMatUITests.swift */; };
		9AF447FE1E4FA9B300A445E4 /* LargeTextCell.swift in Sources */ = {isa = PBXBuildFile; fileRef = 9AF447FD1E4FA9B300A445E4 /* LargeTextCell.swift */; };
		9AF448001E4FAA0E00A445E4 /* NavigationCell.swift in Sources */ = {isa = PBXBuildFile; fileRef = 9AF447FF1E4FAA0E00A445E4 /* NavigationCell.swift */; };
/* End PBXBuildFile section */

/* Begin PBXContainerItemProxy section */
		9AF447DC1E4F531A00A445E4 /* PBXContainerItemProxy */ = {
			isa = PBXContainerItemProxy;
			containerPortal = 9AF447BF1E4F531A00A445E4 /* Project object */;
			proxyType = 1;
			remoteGlobalIDString = 9AF447C61E4F531A00A445E4;
			remoteInfo = EventOMat;
		};
		9AF447E71E4F531B00A445E4 /* PBXContainerItemProxy */ = {
			isa = PBXContainerItemProxy;
			containerPortal = 9AF447BF1E4F531A00A445E4 /* Project object */;
			proxyType = 1;
			remoteGlobalIDString = 9AF447C61E4F531A00A445E4;
			remoteInfo = EventOMat;
		};
/* End PBXContainerItemProxy section */

/* Begin PBXFileReference section */
		9A1782B61E637DDD0083CA58 /* ScheduleItemViewController.swift */ = {isa = PBXFileReference; fileEncoding = 4; lastKnownFileType = sourcecode.swift; path = ScheduleItemViewController.swift; sourceTree = "<group>"; };
		9A1782B81E643A7C0083CA58 /* AboutViewController.swift */ = {isa = PBXFileReference; fileEncoding = 4; lastKnownFileType = sourcecode.swift; path = AboutViewController.swift; sourceTree = "<group>"; };
		9AE2F05D1E4FC891003A8A10 /* CellType.swift */ = {isa = PBXFileReference; fileEncoding = 4; lastKnownFileType = sourcecode.swift; path = CellType.swift; sourceTree = "<group>"; };
		9AE2F05F1E579EBE003A8A10 /* LocationViewController.swift */ = {isa = PBXFileReference; fileEncoding = 4; lastKnownFileType = sourcecode.swift; path = LocationViewController.swift; sourceTree = "<group>"; };
		9AE2F0611E57A97C003A8A10 /* UINavigationController+Extensions.swift */ = {isa = PBXFileReference; fileEncoding = 4; lastKnownFileType = sourcecode.swift; path = "UINavigationController+Extensions.swift"; sourceTree = "<group>"; };
		9AE2F0631E5B79D2003A8A10 /* ScheduleViewController.swift */ = {isa = PBXFileReference; fileEncoding = 4; lastKnownFileType = sourcecode.swift; path = ScheduleViewController.swift; sourceTree = "<group>"; };
		9AE2F0651E5B86D2003A8A10 /* ScheduleCell.swift */ = {isa = PBXFileReference; fileEncoding = 4; lastKnownFileType = sourcecode.swift; path = ScheduleCell.swift; sourceTree = "<group>"; };
		9AE2F0671E5B8CB8003A8A10 /* schedule.plist */ = {isa = PBXFileReference; fileEncoding = 4; lastKnownFileType = text.plist.xml; path = schedule.plist; sourceTree = "<group>"; };
		9AE2F06A1E5B9518003A8A10 /* Schedule.swift */ = {isa = PBXFileReference; fileEncoding = 4; lastKnownFileType = sourcecode.swift; path = Schedule.swift; sourceTree = "<group>"; };
		9AF447C71E4F531A00A445E4 /* EventOMat.app */ = {isa = PBXFileReference; explicitFileType = wrapper.application; includeInIndex = 0; path = EventOMat.app; sourceTree = BUILT_PRODUCTS_DIR; };
		9AF447CA1E4F531A00A445E4 /* AppDelegate.swift */ = {isa = PBXFileReference; lastKnownFileType = sourcecode.swift; path = AppDelegate.swift; sourceTree = "<group>"; };
		9AF447CC1E4F531A00A445E4 /* HomeViewController.swift */ = {isa = PBXFileReference; lastKnownFileType = sourcecode.swift; path = HomeViewController.swift; sourceTree = "<group>"; };
		9AF447CF1E4F531A00A445E4 /* Base */ = {isa = PBXFileReference; lastKnownFileType = file.storyboard; name = Base; path = Base.lproj/Main.storyboard; sourceTree = "<group>"; };
		9AF447D11E4F531A00A445E4 /* Assets.xcassets */ = {isa = PBXFileReference; lastKnownFileType = folder.assetcatalog; path = Assets.xcassets; sourceTree = "<group>"; };
		9AF447D41E4F531A00A445E4 /* Base */ = {isa = PBXFileReference; lastKnownFileType = file.storyboard; name = Base; path = Base.lproj/LaunchScreen.storyboard; sourceTree = "<group>"; };
		9AF447D61E4F531A00A445E4 /* Info.plist */ = {isa = PBXFileReference; lastKnownFileType = text.plist.xml; path = Info.plist; sourceTree = "<group>"; };
		9AF447DB1E4F531A00A445E4 /* EventOMatTests.xctest */ = {isa = PBXFileReference; explicitFileType = wrapper.cfbundle; includeInIndex = 0; path = EventOMatTests.xctest; sourceTree = BUILT_PRODUCTS_DIR; };
		9AF447DF1E4F531A00A445E4 /* EventOMatTests.swift */ = {isa = PBXFileReference; lastKnownFileType = sourcecode.swift; path = EventOMatTests.swift; sourceTree = "<group>"; };
		9AF447E11E4F531B00A445E4 /* Info.plist */ = {isa = PBXFileReference; lastKnownFileType = text.plist.xml; path = Info.plist; sourceTree = "<group>"; };
		9AF447E61E4F531B00A445E4 /* EventOMatUITests.xctest */ = {isa = PBXFileReference; explicitFileType = wrapper.cfbundle; includeInIndex = 0; path = EventOMatUITests.xctest; sourceTree = BUILT_PRODUCTS_DIR; };
		9AF447EA1E4F531B00A445E4 /* EventOMatUITests.swift */ = {isa = PBXFileReference; lastKnownFileType = sourcecode.swift; path = EventOMatUITests.swift; sourceTree = "<group>"; };
		9AF447EC1E4F531B00A445E4 /* Info.plist */ = {isa = PBXFileReference; lastKnownFileType = text.plist.xml; path = Info.plist; sourceTree = "<group>"; };
		9AF447FD1E4FA9B300A445E4 /* LargeTextCell.swift */ = {isa = PBXFileReference; fileEncoding = 4; lastKnownFileType = sourcecode.swift; path = LargeTextCell.swift; sourceTree = "<group>"; };
		9AF447FF1E4FAA0E00A445E4 /* NavigationCell.swift */ = {isa = PBXFileReference; fileEncoding = 4; lastKnownFileType = sourcecode.swift; path = NavigationCell.swift; sourceTree = "<group>"; };
/* End PBXFileReference section */

/* Begin PBXFrameworksBuildPhase section */
		9AF447C41E4F531A00A445E4 /* Frameworks */ = {
			isa = PBXFrameworksBuildPhase;
			buildActionMask = 2147483647;
			files = (
			);
			runOnlyForDeploymentPostprocessing = 0;
		};
		9AF447D81E4F531A00A445E4 /* Frameworks */ = {
			isa = PBXFrameworksBuildPhase;
			buildActionMask = 2147483647;
			files = (
			);
			runOnlyForDeploymentPostprocessing = 0;
		};
		9AF447E31E4F531B00A445E4 /* Frameworks */ = {
			isa = PBXFrameworksBuildPhase;
			buildActionMask = 2147483647;
			files = (
			);
			runOnlyForDeploymentPostprocessing = 0;
		};
/* End PBXFrameworksBuildPhase section */

/* Begin PBXGroup section */
		9AE2F0691E5B94E3003A8A10 /* Models */ = {
			isa = PBXGroup;
			children = (
				9AE2F06A1E5B9518003A8A10 /* Schedule.swift */,
			);
			path = Models;
			sourceTree = "<group>";
		};
		9AF447BE1E4F531A00A445E4 = {
			isa = PBXGroup;
			children = (
				9AF447C91E4F531A00A445E4 /* EventOMat */,
				9AF447DE1E4F531A00A445E4 /* EventOMatTests */,
				9AF447E91E4F531B00A445E4 /* EventOMatUITests */,
				9AF447C81E4F531A00A445E4 /* Products */,
			);
			sourceTree = "<group>";
		};
		9AF447C81E4F531A00A445E4 /* Products */ = {
			isa = PBXGroup;
			children = (
				9AF447C71E4F531A00A445E4 /* EventOMat.app */,
				9AF447DB1E4F531A00A445E4 /* EventOMatTests.xctest */,
				9AF447E61E4F531B00A445E4 /* EventOMatUITests.xctest */,
			);
			name = Products;
			sourceTree = "<group>";
		};
		9AF447C91E4F531A00A445E4 /* EventOMat */ = {
			isa = PBXGroup;
			children = (
				9AE2F0691E5B94E3003A8A10 /* Models */,
				9AF447F81E4F67E900A445E4 /* Views */,
				9AF447CA1E4F531A00A445E4 /* AppDelegate.swift */,
				9AF447D11E4F531A00A445E4 /* Assets.xcassets */,
				9AF447D61E4F531A00A445E4 /* Info.plist */,
				9AF447D31E4F531A00A445E4 /* LaunchScreen.storyboard */,
				9AE2F0671E5B8CB8003A8A10 /* schedule.plist */,
			);
			path = EventOMat;
			sourceTree = "<group>";
		};
		9AF447DE1E4F531A00A445E4 /* EventOMatTests */ = {
			isa = PBXGroup;
			children = (
				9AF447DF1E4F531A00A445E4 /* EventOMatTests.swift */,
				9AF447E11E4F531B00A445E4 /* Info.plist */,
			);
			path = EventOMatTests;
			sourceTree = "<group>";
		};
		9AF447E91E4F531B00A445E4 /* EventOMatUITests */ = {
			isa = PBXGroup;
			children = (
				9AF447EA1E4F531B00A445E4 /* EventOMatUITests.swift */,
				9AF447EC1E4F531B00A445E4 /* Info.plist */,
			);
			path = EventOMatUITests;
			sourceTree = "<group>";
		};
		9AF447F81E4F67E900A445E4 /* Views */ = {
			isa = PBXGroup;
			children = (
				9AF447FC1E4FA97900A445E4 /* Cells */,
				9AF447CE1E4F531A00A445E4 /* Main.storyboard */,
				9A1782B81E643A7C0083CA58 /* AboutViewController.swift */,
				9AF447CC1E4F531A00A445E4 /* HomeViewController.swift */,
				9AE2F05F1E579EBE003A8A10 /* LocationViewController.swift */,
				9AE2F0631E5B79D2003A8A10 /* ScheduleViewController.swift */,
				9AE2F0611E57A97C003A8A10 /* UINavigationController+Extensions.swift */,
				9A1782B61E637DDD0083CA58 /* ScheduleItemViewController.swift */,
			);
			path = Views;
			sourceTree = "<group>";
		};
		9AF447FC1E4FA97900A445E4 /* Cells */ = {
			isa = PBXGroup;
			children = (
				9AE2F05D1E4FC891003A8A10 /* CellType.swift */,
				9AF447FD1E4FA9B300A445E4 /* LargeTextCell.swift */,
				9AF447FF1E4FAA0E00A445E4 /* NavigationCell.swift */,
				9AE2F0651E5B86D2003A8A10 /* ScheduleCell.swift */,
			);
			path = Cells;
			sourceTree = "<group>";
		};
/* End PBXGroup section */

/* Begin PBXNativeTarget section */
		9AF447C61E4F531A00A445E4 /* EventOMat */ = {
			isa = PBXNativeTarget;
			buildConfigurationList = 9AF447EF1E4F531B00A445E4 /* Build configuration list for PBXNativeTarget "EventOMat" */;
			buildPhases = (
				9AF447C31E4F531A00A445E4 /* Sources */,
				9AF447C41E4F531A00A445E4 /* Frameworks */,
				9AF447C51E4F531A00A445E4 /* Resources */,
			);
			buildRules = (
			);
			dependencies = (
			);
			name = EventOMat;
			productName = EventOMat;
			productReference = 9AF447C71E4F531A00A445E4 /* EventOMat.app */;
			productType = "com.apple.product-type.application";
		};
		9AF447DA1E4F531A00A445E4 /* EventOMatTests */ = {
			isa = PBXNativeTarget;
			buildConfigurationList = 9AF447F21E4F531B00A445E4 /* Build configuration list for PBXNativeTarget "EventOMatTests" */;
			buildPhases = (
				9AF447D71E4F531A00A445E4 /* Sources */,
				9AF447D81E4F531A00A445E4 /* Frameworks */,
				9AF447D91E4F531A00A445E4 /* Resources */,
			);
			buildRules = (
			);
			dependencies = (
				9AF447DD1E4F531A00A445E4 /* PBXTargetDependency */,
			);
			name = EventOMatTests;
			productName = EventOMatTests;
			productReference = 9AF447DB1E4F531A00A445E4 /* EventOMatTests.xctest */;
			productType = "com.apple.product-type.bundle.unit-test";
		};
		9AF447E51E4F531B00A445E4 /* EventOMatUITests */ = {
			isa = PBXNativeTarget;
			buildConfigurationList = 9AF447F51E4F531B00A445E4 /* Build configuration list for PBXNativeTarget "EventOMatUITests" */;
			buildPhases = (
				9AF447E21E4F531B00A445E4 /* Sources */,
				9AF447E31E4F531B00A445E4 /* Frameworks */,
				9AF447E41E4F531B00A445E4 /* Resources */,
			);
			buildRules = (
			);
			dependencies = (
				9AF447E81E4F531B00A445E4 /* PBXTargetDependency */,
			);
			name = EventOMatUITests;
			productName = EventOMatUITests;
			productReference = 9AF447E61E4F531B00A445E4 /* EventOMatUITests.xctest */;
			productType = "com.apple.product-type.bundle.ui-testing";
		};
/* End PBXNativeTarget section */

/* Begin PBXProject section */
		9AF447BF1E4F531A00A445E4 /* Project object */ = {
			isa = PBXProject;
			attributes = {
				LastSwiftUpdateCheck = 0820;
				LastUpgradeCheck = 0820;
				ORGANIZATIONNAME = "Lou Franco";
				TargetAttributes = {
					9AF447C61E4F531A00A445E4 = {
						CreatedOnToolsVersion = 8.2.1;
						DevelopmentTeam = 85H8KB76TX;
						ProvisioningStyle = Automatic;
					};
					9AF447DA1E4F531A00A445E4 = {
						CreatedOnToolsVersion = 8.2.1;
						DevelopmentTeam = 85H8KB76TX;
						ProvisioningStyle = Automatic;
						TestTargetID = 9AF447C61E4F531A00A445E4;
					};
					9AF447E51E4F531B00A445E4 = {
						CreatedOnToolsVersion = 8.2.1;
						DevelopmentTeam = 85H8KB76TX;
						ProvisioningStyle = Automatic;
						TestTargetID = 9AF447C61E4F531A00A445E4;
					};
				};
			};
			buildConfigurationList = 9AF447C21E4F531A00A445E4 /* Build configuration list for PBXProject "EventOMat" */;
			compatibilityVersion = "Xcode 3.2";
			developmentRegion = English;
			hasScannedForEncodings = 0;
			knownRegions = (
				en,
				Base,
			);
			mainGroup = 9AF447BE1E4F531A00A445E4;
			productRefGroup = 9AF447C81E4F531A00A445E4 /* Products */;
			projectDirPath = "";
			projectRoot = "";
			targets = (
				9AF447C61E4F531A00A445E4 /* EventOMat */,
				9AF447DA1E4F531A00A445E4 /* EventOMatTests */,
				9AF447E51E4F531B00A445E4 /* EventOMatUITests */,
			);
		};
/* End PBXProject section */

/* Begin PBXResourcesBuildPhase section */
		9AF447C51E4F531A00A445E4 /* Resources */ = {
			isa = PBXResourcesBuildPhase;
			buildActionMask = 2147483647;
			files = (
				9AF447D51E4F531A00A445E4 /* LaunchScreen.storyboard in Resources */,
				9AE2F0681E5B8CB8003A8A10 /* schedule.plist in Resources */,
				9AF447D21E4F531A00A445E4 /* Assets.xcassets in Resources */,
				9AF447D01E4F531A00A445E4 /* Main.storyboard in Resources */,
			);
			runOnlyForDeploymentPostprocessing = 0;
		};
		9AF447D91E4F531A00A445E4 /* Resources */ = {
			isa = PBXResourcesBuildPhase;
			buildActionMask = 2147483647;
			files = (
			);
			runOnlyForDeploymentPostprocessing = 0;
		};
		9AF447E41E4F531B00A445E4 /* Resources */ = {
			isa = PBXResourcesBuildPhase;
			buildActionMask = 2147483647;
			files = (
			);
			runOnlyForDeploymentPostprocessing = 0;
		};
/* End PBXResourcesBuildPhase section */

/* Begin PBXSourcesBuildPhase section */
		9AF447C31E4F531A00A445E4 /* Sources */ = {
			isa = PBXSourcesBuildPhase;
			buildActionMask = 2147483647;
			files = (
				9AE2F05E1E4FC891003A8A10 /* CellType.swift in Sources */,
				9AF447CD1E4F531A00A445E4 /* HomeViewController.swift in Sources */,
				9AF447CB1E4F531A00A445E4 /* AppDelegate.swift in Sources */,
				9AE2F0641E5B79D2003A8A10 /* ScheduleViewController.swift in Sources */,
				9AE2F0661E5B86D2003A8A10 /* ScheduleCell.swift in Sources */,
				9AE2F0601E579EBE003A8A10 /* LocationViewController.swift in Sources */,
				9A1782B91E643A7C0083CA58 /* AboutViewController.swift in Sources */,
				9A1782B71E637DDD0083CA58 /* ScheduleItemViewController.swift in Sources */,
				9AF447FE1E4FA9B300A445E4 /* LargeTextCell.swift in Sources */,
				9AF448001E4FAA0E00A445E4 /* NavigationCell.swift in Sources */,
				9AE2F06B1E5B9518003A8A10 /* Schedule.swift in Sources */,
				9AE2F0621E57A97C003A8A10 /* UINavigationController+Extensions.swift in Sources */,
			);
			runOnlyForDeploymentPostprocessing = 0;
		};
		9AF447D71E4F531A00A445E4 /* Sources */ = {
			isa = PBXSourcesBuildPhase;
			buildActionMask = 2147483647;
			files = (
				9AF447E01E4F531A00A445E4 /* EventOMatTests.swift in Sources */,
			);
			runOnlyForDeploymentPostprocessing = 0;
		};
		9AF447E21E4F531B00A445E4 /* Sources */ = {
			isa = PBXSourcesBuildPhase;
			buildActionMask = 2147483647;
			files = (
				9AF447EB1E4F531B00A445E4 /* EventOMatUITests.swift in Sources */,
			);
			runOnlyForDeploymentPostprocessing = 0;
		};
/* End PBXSourcesBuildPhase section */

/* Begin PBXTargetDependency section */
		9AF447DD1E4F531A00A445E4 /* PBXTargetDependency */ = {
			isa = PBXTargetDependency;
			target = 9AF447C61E4F531A00A445E4 /* EventOMat */;
			targetProxy = 9AF447DC1E4F531A00A445E4 /* PBXContainerItemProxy */;
		};
		9AF447E81E4F531B00A445E4 /* PBXTargetDependency */ = {
			isa = PBXTargetDependency;
			target = 9AF447C61E4F531A00A445E4 /* EventOMat */;
			targetProxy = 9AF447E71E4F531B00A445E4 /* PBXContainerItemProxy */;
		};
/* End PBXTargetDependency section */

/* Begin PBXVariantGroup section */
		9AF447CE1E4F531A00A445E4 /* Main.storyboard */ = {
			isa = PBXVariantGroup;
			children = (
				9AF447CF1E4F531A00A445E4 /* Base */,
			);
			name = Main.storyboard;
			path = .;
			sourceTree = "<group>";
		};
		9AF447D31E4F531A00A445E4 /* LaunchScreen.storyboard */ = {
			isa = PBXVariantGroup;
			children = (
				9AF447D41E4F531A00A445E4 /* Base */,
			);
			name = LaunchScreen.storyboard;
			path = .;
			sourceTree = "<group>";
		};
/* End PBXVariantGroup section */

/* Begin XCBuildConfiguration section */
		9AF447ED1E4F531B00A445E4 /* Debug */ = {
			isa = XCBuildConfiguration;
			buildSettings = {
				ALWAYS_SEARCH_USER_PATHS = NO;
				CLANG_ANALYZER_NONNULL = YES;
				CLANG_CXX_LANGUAGE_STANDARD = "gnu++0x";
				CLANG_CXX_LIBRARY = "libc++";
				CLANG_ENABLE_MODULES = YES;
				CLANG_ENABLE_OBJC_ARC = YES;
				CLANG_WARN_BOOL_CONVERSION = YES;
				CLANG_WARN_CONSTANT_CONVERSION = YES;
				CLANG_WARN_DIRECT_OBJC_ISA_USAGE = YES_ERROR;
				CLANG_WARN_DOCUMENTATION_COMMENTS = YES;
				CLANG_WARN_EMPTY_BODY = YES;
				CLANG_WARN_ENUM_CONVERSION = YES;
				CLANG_WARN_INFINITE_RECURSION = YES;
				CLANG_WARN_INT_CONVERSION = YES;
				CLANG_WARN_OBJC_ROOT_CLASS = YES_ERROR;
				CLANG_WARN_SUSPICIOUS_MOVE = YES;
				CLANG_WARN_UNREACHABLE_CODE = YES;
				CLANG_WARN__DUPLICATE_METHOD_MATCH = YES;
				"CODE_SIGN_IDENTITY[sdk=iphoneos*]" = "iPhone Developer";
				COPY_PHASE_STRIP = NO;
				DEBUG_INFORMATION_FORMAT = dwarf;
				ENABLE_STRICT_OBJC_MSGSEND = YES;
				ENABLE_TESTABILITY = YES;
				GCC_C_LANGUAGE_STANDARD = gnu99;
				GCC_DYNAMIC_NO_PIC = NO;
				GCC_NO_COMMON_BLOCKS = YES;
				GCC_OPTIMIZATION_LEVEL = 0;
				GCC_PREPROCESSOR_DEFINITIONS = (
					"DEBUG=1",
					"$(inherited)",
				);
				GCC_WARN_64_TO_32_BIT_CONVERSION = YES;
				GCC_WARN_ABOUT_RETURN_TYPE = YES_ERROR;
				GCC_WARN_UNDECLARED_SELECTOR = YES;
				GCC_WARN_UNINITIALIZED_AUTOS = YES_AGGRESSIVE;
				GCC_WARN_UNUSED_FUNCTION = YES;
				GCC_WARN_UNUSED_VARIABLE = YES;
				IPHONEOS_DEPLOYMENT_TARGET = 10.2;
				MTL_ENABLE_DEBUG_INFO = YES;
				ONLY_ACTIVE_ARCH = YES;
				SDKROOT = iphoneos;
				SWIFT_ACTIVE_COMPILATION_CONDITIONS = DEBUG;
				SWIFT_OPTIMIZATION_LEVEL = "-Onone";
				TARGETED_DEVICE_FAMILY = "1,2";
			};
			name = Debug;
		};
		9AF447EE1E4F531B00A445E4 /* Release */ = {
			isa = XCBuildConfiguration;
			buildSettings = {
				ALWAYS_SEARCH_USER_PATHS = NO;
				CLANG_ANALYZER_NONNULL = YES;
				CLANG_CXX_LANGUAGE_STANDARD = "gnu++0x";
				CLANG_CXX_LIBRARY = "libc++";
				CLANG_ENABLE_MODULES = YES;
				CLANG_ENABLE_OBJC_ARC = YES;
				CLANG_WARN_BOOL_CONVERSION = YES;
				CLANG_WARN_CONSTANT_CONVERSION = YES;
				CLANG_WARN_DIRECT_OBJC_ISA_USAGE = YES_ERROR;
				CLANG_WARN_DOCUMENTATION_COMMENTS = YES;
				CLANG_WARN_EMPTY_BODY = YES;
				CLANG_WARN_ENUM_CONVERSION = YES;
				CLANG_WARN_INFINITE_RECURSION = YES;
				CLANG_WARN_INT_CONVERSION = YES;
				CLANG_WARN_OBJC_ROOT_CLASS = YES_ERROR;
				CLANG_WARN_SUSPICIOUS_MOVE = YES;
				CLANG_WARN_UNREACHABLE_CODE = YES;
				CLANG_WARN__DUPLICATE_METHOD_MATCH = YES;
				"CODE_SIGN_IDENTITY[sdk=iphoneos*]" = "iPhone Developer";
				COPY_PHASE_STRIP = NO;
				DEBUG_INFORMATION_FORMAT = "dwarf-with-dsym";
				ENABLE_NS_ASSERTIONS = NO;
				ENABLE_STRICT_OBJC_MSGSEND = YES;
				GCC_C_LANGUAGE_STANDARD = gnu99;
				GCC_NO_COMMON_BLOCKS = YES;
				GCC_WARN_64_TO_32_BIT_CONVERSION = YES;
				GCC_WARN_ABOUT_RETURN_TYPE = YES_ERROR;
				GCC_WARN_UNDECLARED_SELECTOR = YES;
				GCC_WARN_UNINITIALIZED_AUTOS = YES_AGGRESSIVE;
				GCC_WARN_UNUSED_FUNCTION = YES;
				GCC_WARN_UNUSED_VARIABLE = YES;
				IPHONEOS_DEPLOYMENT_TARGET = 10.2;
				MTL_ENABLE_DEBUG_INFO = NO;
				SDKROOT = iphoneos;
				SWIFT_OPTIMIZATION_LEVEL = "-Owholemodule";
				TARGETED_DEVICE_FAMILY = "1,2";
				VALIDATE_PRODUCT = YES;
			};
			name = Release;
		};
		9AF447F01E4F531B00A445E4 /* Debug */ = {
			isa = XCBuildConfiguration;
			buildSettings = {
				ASSETCATALOG_COMPILER_APPICON_NAME = AppIcon;
				DEVELOPMENT_TEAM = 85H8KB76TX;
				INFOPLIST_FILE = EventOMat/Info.plist;
				IPHONEOS_DEPLOYMENT_TARGET = 10.0;
				LD_RUNPATH_SEARCH_PATHS = "$(inherited) @executable_path/Frameworks";
				PRODUCT_BUNDLE_IDENTIFIER = com.loufranco.nerdsummit;
				PRODUCT_NAME = NERDSummit;
				SWIFT_VERSION = 3.0;
			};
			name = Debug;
		};
		9AF447F11E4F531B00A445E4 /* Release */ = {
			isa = XCBuildConfiguration;
			buildSettings = {
				ASSETCATALOG_COMPILER_APPICON_NAME = AppIcon;
				DEVELOPMENT_TEAM = 85H8KB76TX;
				INFOPLIST_FILE = EventOMat/Info.plist;
				IPHONEOS_DEPLOYMENT_TARGET = 10.0;
				LD_RUNPATH_SEARCH_PATHS = "$(inherited) @executable_path/Frameworks";
				PRODUCT_BUNDLE_IDENTIFIER = com.loufranco.nerdsummit;
				PRODUCT_NAME = NERDSummit;
				SWIFT_VERSION = 3.0;
			};
			name = Release;
		};
		9AF447F31E4F531B00A445E4 /* Debug */ = {
			isa = XCBuildConfiguration;
			buildSettings = {
				ALWAYS_EMBED_SWIFT_STANDARD_LIBRARIES = YES;
				BUNDLE_LOADER = "$(TEST_HOST)";
				DEVELOPMENT_TEAM = 85H8KB76TX;
				INFOPLIST_FILE = EventOMatTests/Info.plist;
				LD_RUNPATH_SEARCH_PATHS = "$(inherited) @executable_path/Frameworks @loader_path/Frameworks";
				PRODUCT_BUNDLE_IDENTIFIER = com.loufranco.EventOMatTests;
				PRODUCT_NAME = "$(TARGET_NAME)";
				SWIFT_VERSION = 3.0;
				TEST_HOST = "$(BUILT_PRODUCTS_DIR)/EventOMat.app/EventOMat";
			};
			name = Debug;
		};
		9AF447F41E4F531B00A445E4 /* Release */ = {
			isa = XCBuildConfiguration;
			buildSettings = {
				ALWAYS_EMBED_SWIFT_STANDARD_LIBRARIES = YES;
				BUNDLE_LOADER = "$(TEST_HOST)";
				DEVELOPMENT_TEAM = 85H8KB76TX;
				INFOPLIST_FILE = EventOMatTests/Info.plist;
				LD_RUNPATH_SEARCH_PATHS = "$(inherited) @executable_path/Frameworks @loader_path/Frameworks";
				PRODUCT_BUNDLE_IDENTIFIER = com.loufranco.EventOMatTests;
				PRODUCT_NAME = "$(TARGET_NAME)";
				SWIFT_VERSION = 3.0;
				TEST_HOST = "$(BUILT_PRODUCTS_DIR)/EventOMat.app/EventOMat";
			};
			name = Release;
		};
		9AF447F61E4F531B00A445E4 /* Debug */ = {
			isa = XCBuildConfiguration;
			buildSettings = {
				ALWAYS_EMBED_SWIFT_STANDARD_LIBRARIES = YES;
				DEVELOPMENT_TEAM = 85H8KB76TX;
				INFOPLIST_FILE = EventOMatUITests/Info.plist;
				LD_RUNPATH_SEARCH_PATHS = "$(inherited) @executable_path/Frameworks @loader_path/Frameworks";
				PRODUCT_BUNDLE_IDENTIFIER = com.loufranco.EventOMatUITests;
				PRODUCT_NAME = "$(TARGET_NAME)";
				SWIFT_VERSION = 3.0;
				TEST_TARGET_NAME = EventOMat;
			};
			name = Debug;
		};
		9AF447F71E4F531B00A445E4 /* Release */ = {
			isa = XCBuildConfiguration;
			buildSettings = {
				ALWAYS_EMBED_SWIFT_STANDARD_LIBRARIES = YES;
				DEVELOPMENT_TEAM = 85H8KB76TX;
				INFOPLIST_FILE = EventOMatUITests/Info.plist;
				LD_RUNPATH_SEARCH_PATHS = "$(inherited) @executable_path/Frameworks @loader_path/Frameworks";
				PRODUCT_BUNDLE_IDENTIFIER = com.loufranco.EventOMatUITests;
				PRODUCT_NAME = "$(TARGET_NAME)";
				SWIFT_VERSION = 3.0;
				TEST_TARGET_NAME = EventOMat;
			};
			name = Release;
		};
/* End XCBuildConfiguration section */

/* Begin XCConfigurationList section */
		9AF447C21E4F531A00A445E4 /* Build configuration list for PBXProject "EventOMat" */ = {
			isa = XCConfigurationList;
			buildConfigurations = (
				9AF447ED1E4F531B00A445E4 /* Debug */,
				9AF447EE1E4F531B00A445E4 /* Release */,
			);
			defaultConfigurationIsVisible = 0;
			defaultConfigurationName = Release;
		};
		9AF447EF1E4F531B00A445E4 /* Build configuration list for PBXNativeTarget "EventOMat" */ = {
			isa = XCConfigurationList;
			buildConfigurations = (
				9AF447F01E4F531B00A445E4 /* Debug */,
				9AF447F11E4F531B00A445E4 /* Release */,
			);
			defaultConfigurationIsVisible = 0;
			defaultConfigurationName = Release;
		};
		9AF447F21E4F531B00A445E4 /* Build configuration list for PBXNativeTarget "EventOMatTests" */ = {
			isa = XCConfigurationList;
			buildConfigurations = (
				9AF447F31E4F531B00A445E4 /* Debug */,
				9AF447F41E4F531B00A445E4 /* Release */,
			);
			defaultConfigurationIsVisible = 0;
			defaultConfigurationName = Release;
		};
		9AF447F51E4F531B00A445E4 /* Build configuration list for PBXNativeTarget "EventOMatUITests" */ = {
			isa = XCConfigurationList;
			buildConfigurations = (
				9AF447F61E4F531B00A445E4 /* Debug */,
				9AF447F71E4F531B00A445E4 /* Release */,
			);
			defaultConfigurationIsVisible = 0;
			defaultConfigurationName = Release;
		};
/* End XCConfigurationList section */
	};
	rootObject = 9AF447BF1E4F531A00A445E4 /* Project object */;
}
